{
  "name": "quran project",
  "lockfileVersion": 3,
  "requires": true,
  "packages": {
    "": {
      "dependencies": {
        "quran-meta": "^5.0.3"
      }
    },
    "node_modules/quran-meta": {
      "version": "5.0.3",
      "resolved": "https://registry.npmjs.org/quran-meta/-/quran-meta-5.0.3.tgz",
      "integrity": "sha512-uTbGQAFAE1jD0fqTfozS+SDHXMMe8td44TBGJyQH3iZ6GHBY4YWguD4y4SL+kEhGZxbqQ4dvhMXHA2HqfN+vxw==",
      "license": "MIT",
      "engines": {
        "node": ">=14.0.0"
      }
    }
  }
}
